// !$*UTF8*$!
{
	archiveVersion = 1;
	classes = {
	};
	objectVersion = 46;
	objects = {

/* Begin PBXFileReference section */
		1C1B481B1A48746400D268A6 /* NKMapZoom.h */ = {isa = PBXFileReference; lastKnownFileType = sourcecode.c.h; name = NKMapZoom.h; path = Classes/Map/NKMapZoom.h; sourceTree = "<group>"; };
		1C1B481C1A48746400D268A6 /* NKMapZoom.m */ = {isa = PBXFileReference; lastKnownFileType = sourcecode.c.objc; name = NKMapZoom.m; path = Classes/Map/NKMapZoom.m; sourceTree = "<group>"; };
/* End PBXFileReference section */

/* Begin PBXGroup section */
		1C1B48131A48740C00D268A6 = {
			isa = PBXGroup;
			children = (
				1C1B481A1A48741E00D268A6 /* Map */,
			);
			sourceTree = "<group>";
		};
		1C1B481A1A48741E00D268A6 /* Map */ = {
			isa = PBXGroup;
			children = (
				1C1B481B1A48746400D268A6 /* NKMapZoom.h */,
				1C1B481C1A48746400D268A6 /* NKMapZoom.m */,
			);
			name = Map;
			sourceTree = "<group>";
		};
/* End PBXGroup section */

/* Begin PBXProject section */
		1C1B48141A48740C00D268A6 /* Project object */ = {
			isa = PBXProject;
			attributes = {
				LastUpgradeCheck = 0600;
			};
			buildConfigurationList = 1C1B48171A48740C00D268A6 /* Build configuration list for PBXProject "NoopedKit" */;
			compatibilityVersion = "Xcode 3.2";
			developmentRegion = English;
			hasScannedForEncodings = 0;
			knownRegions = (
				en,
			);
			mainGroup = 1C1B48131A48740C00D268A6;
			projectDirPath = "";
			projectRoot = "";
			targets = (
			);
		};
/* End PBXProject section */

/* Begin XCBuildConfiguration section */
		1C1B48181A48740C00D268A6 /* Debug */ = {
			isa = XCBuildConfiguration;
			buildSettings = {
			};
			name = Debug;
		};
		1C1B48191A48740C00D268A6 /* Release */ = {
			isa = XCBuildConfiguration;
			buildSettings = {
			};
			name = Release;
		};
/* End XCBuildConfiguration section */

/* Begin XCConfigurationList section */
		1C1B48171A48740C00D268A6 /* Build configuration list for PBXProject "NoopedKit" */ = {
			isa = XCConfigurationList;
			buildConfigurations = (
				1C1B48181A48740C00D268A6 /* Debug */,
				1C1B48191A48740C00D268A6 /* Release */,
			);
			defaultConfigurationIsVisible = 0;
			defaultConfigurationName = Release;
		};
/* End XCConfigurationList section */
	};
	rootObject = 1C1B48141A48740C00D268A6 /* Project object */;
}
